
Microsoft Visual Studio Solution File, Format Version 11.00
# Visual Studio 2010
Project("{FAE04EC0-301F-11D3-BF4B-00C04F79EFBC}") = "fFastMapper", "fFastMapper\fFastMapper.csproj", "{C75F756F-0641-4E91-ADD9-3CF043977DA1}"
EndProject
Project("{FAE04EC0-301F-11D3-BF4B-00C04F79EFBC}") = "fFastMapper.Tests", "fFastMapper.Tests\fFastMapper.Tests.csproj", "{BFBBE3A3-35B2-424D-9B62-038CAD18D2ED}"
EndProject
Project("{2150E333-8FDC-42A3-9474-1A3956D46DE8}") = "Solution Items", "Solution Items", "{6B799EBF-304A-4FDC-97F0-7240573BD350}"
	ProjectSection(SolutionItems) = preProject
		fFastMapper1.vsmdi = fFastMapper1.vsmdi
		Local.testsettings = Local.testsettings
		TraceAndTestImpact.testsettings = TraceAndTestImpact.testsettings
	EndProjectSection
EndProject
Project("{FAE04EC0-301F-11D3-BF4B-00C04F79EFBC}") = "CompetitiveComparisonTest", "CompetitiveComparisonTest\CompetitiveComparisonTest.csproj", "{BDCA614B-1077-4DBB-9046-23BC81D01E6A}"
EndProject
Global
	GlobalSection(TeamFoundationVersionControl) = preSolution
		SccNumberOfProjects = 4
		SccEnterpriseProvider = {4CA58AB2-18FA-4F8D-95D4-32DDF27D184C}
		SccTeamFoundationServer = https://grax.visualstudio.com/defaultcollection
		SccLocalPath0 = .
		SccProjectUniqueName1 = CompetitiveComparisonTest\\CompetitiveComparisonTest.csproj
		SccProjectName1 = CompetitiveComparisonTest
		SccLocalPath1 = CompetitiveComparisonTest
		SccProjectUniqueName2 = fFastMapper.Tests\\fFastMapper.Tests.csproj
		SccProjectName2 = fFastMapper.Tests
		SccLocalPath2 = fFastMapper.Tests
		SccProjectUniqueName3 = fFastMapper\\fFastMapper.csproj
		SccProjectName3 = fFastMapper
		SccLocalPath3 = fFastMapper
	EndGlobalSection
	GlobalSection(TestCaseManagementSettings) = postSolution
		CategoryFile = fFastMapper1.vsmdi
	EndGlobalSection
	GlobalSection(SolutionConfigurationPlatforms) = preSolution
		Debug|Any CPU = Debug|Any CPU
		Release|Any CPU = Release|Any CPU
	EndGlobalSection
	GlobalSection(ProjectConfigurationPlatforms) = postSolution
		{C75F756F-0641-4E91-ADD9-3CF043977DA1}.Debug|Any CPU.ActiveCfg = Debug|Any CPU
		{C75F756F-0641-4E91-ADD9-3CF043977DA1}.Debug|Any CPU.Build.0 = Debug|Any CPU
		{C75F756F-0641-4E91-ADD9-3CF043977DA1}.Release|Any CPU.ActiveCfg = Release|Any CPU
		{C75F756F-0641-4E91-ADD9-3CF043977DA1}.Release|Any CPU.Build.0 = Release|Any CPU
		{BFBBE3A3-35B2-424D-9B62-038CAD18D2ED}.Debug|Any CPU.ActiveCfg = Debug|Any CPU
		{BFBBE3A3-35B2-424D-9B62-038CAD18D2ED}.Debug|Any CPU.Build.0 = Debug|Any CPU
		{BFBBE3A3-35B2-424D-9B62-038CAD18D2ED}.Release|Any CPU.ActiveCfg = Release|Any CPU
		{BFBBE3A3-35B2-424D-9B62-038CAD18D2ED}.Release|Any CPU.Build.0 = Release|Any CPU
		{BDCA614B-1077-4DBB-9046-23BC81D01E6A}.Debug|Any CPU.ActiveCfg = Debug|Any CPU
		{BDCA614B-1077-4DBB-9046-23BC81D01E6A}.Debug|Any CPU.Build.0 = Debug|Any CPU
		{BDCA614B-1077-4DBB-9046-23BC81D01E6A}.Release|Any CPU.ActiveCfg = Release|Any CPU
		{BDCA614B-1077-4DBB-9046-23BC81D01E6A}.Release|Any CPU.Build.0 = Release|Any CPU
	EndGlobalSection
	GlobalSection(SolutionProperties) = preSolution
		HideSolutionNode = FALSE
	EndGlobalSection
EndGlobal
