
Microsoft Visual Studio Solution File, Format Version 12.00
# Visual Studio 2012
Project("{FAE04EC0-301F-11D3-BF4B-00C04F79EFBC}") = "fFastMapperPortable", "fFastMapperPortable.csproj", "{81F82EC7-B202-487A-B7BA-F5363E3B7471}"
EndProject
Project("{FAE04EC0-301F-11D3-BF4B-00C04F79EFBC}") = "fFastMapperPortableTests", "..\fFastMapperPortableTests\fFastMapperPortableTests.csproj", "{EA0D59AB-8CBC-4D97-BBF2-6C30D7064CD6}"
EndProject
Global
	GlobalSection(TeamFoundationVersionControl) = preSolution
		SccNumberOfProjects = 2
		SccEnterpriseProvider = {4CA58AB2-18FA-4F8D-95D4-32DDF27D184C}
		SccTeamFoundationServer = https://grax.visualstudio.com/defaultcollection
		SccLocalPath0 = .
		SccProjectUniqueName1 = fFastMapperPortable.csproj
		SccLocalPath1 = .
	EndGlobalSection
	GlobalSection(SolutionConfigurationPlatforms) = preSolution
		Debug|Any CPU = Debug|Any CPU
		Release|Any CPU = Release|Any CPU
	EndGlobalSection
	GlobalSection(ProjectConfigurationPlatforms) = postSolution
		{81F82EC7-B202-487A-B7BA-F5363E3B7471}.Debug|Any CPU.ActiveCfg = Debug|Any CPU
		{81F82EC7-B202-487A-B7BA-F5363E3B7471}.Debug|Any CPU.Build.0 = Debug|Any CPU
		{81F82EC7-B202-487A-B7BA-F5363E3B7471}.Release|Any CPU.ActiveCfg = Release|Any CPU
		{81F82EC7-B202-487A-B7BA-F5363E3B7471}.Release|Any CPU.Build.0 = Release|Any CPU
		{EA0D59AB-8CBC-4D97-BBF2-6C30D7064CD6}.Debug|Any CPU.ActiveCfg = Debug|Any CPU
		{EA0D59AB-8CBC-4D97-BBF2-6C30D7064CD6}.Debug|Any CPU.Build.0 = Debug|Any CPU
		{EA0D59AB-8CBC-4D97-BBF2-6C30D7064CD6}.Release|Any CPU.ActiveCfg = Release|Any CPU
		{EA0D59AB-8CBC-4D97-BBF2-6C30D7064CD6}.Release|Any CPU.Build.0 = Release|Any CPU
	EndGlobalSection
	GlobalSection(SolutionProperties) = preSolution
		HideSolutionNode = FALSE
	EndGlobalSection
EndGlobal
